{
  "name": "example",
  "version": "1.0.0",
  "lockfileVersion": 3,
  "requires": true,
  "packages": {
    "": {
      "name": "example",
      "version": "1.0.0",
      "license": "ISC",
      "dependencies": {
        "@overextended/ox_lib": "^3.16.2",
        "lodash": "^4.17.21"
      }
    },
    "node_modules/@nativewrappers/client": {
      "version": "1.7.33",
      "resolved": "https://registry.npmjs.org/@nativewrappers/client/-/client-1.7.33.tgz",
      "integrity": "sha512-phuBBGdDPxZiZyw5CaFs1XWfvllnEtwATMdLaNucwMofVg/O/FjlP1bTUq4SOm4qhSZ4Zdo351ijHzBSIbZs6g=="
    },
    "node_modules/@overextended/ox_lib": {
      "version": "3.16.2",
      "resolved": "https://registry.npmjs.org/@overextended/ox_lib/-/ox_lib-3.16.2.tgz",
      "integrity": "sha512-1QwoJtKHMoFkUi15G2EKt30tLVkn3mv9AXXD3iZyQR+b0OiVM/JLJaijS/qQSFENlS75S84LhNHqom5q1ZCGSg==",
      "dependencies": {
        "@nativewrappers/client": "^1.7.33",
        "fast-printf": "^1.6.9",
        "typescript": "^5.3.3"
      }
    },
    "node_modules/boolean": {
      "version": "3.2.0",
      "resolved": "https://registry.npmjs.org/boolean/-/boolean-3.2.0.tgz",
      "integrity": "sha512-d0II/GO9uf9lfUHH2BQsjxzRJZBdsjgsBiW4BvhWk/3qoKwQFjIDVN19PfX8F2D/r9PCMTtLWjYVCFrpeYUzsw=="
    },
    "node_modules/fast-printf": {
      "version": "1.6.9",
      "resolved": "https://registry.npmjs.org/fast-printf/-/fast-printf-1.6.9.tgz",
      "integrity": "sha512-FChq8hbz65WMj4rstcQsFB0O7Cy++nmbNfLYnD9cYv2cRn8EG6k/MGn9kO/tjO66t09DLDugj3yL+V2o6Qftrg==",
      "dependencies": {
        "boolean": "^3.1.4"
      },
      "engines": {
        "node": ">=10.0"
      }
    },
    "node_modules/lodash": {
      "version": "4.17.21",
      "resolved": "https://registry.npmjs.org/lodash/-/lodash-4.17.21.tgz",
      "integrity": "sha512-v2kDEe57lecTulaDIuNTPy3Ry4gLGJ6Z1O3vE1krgXZNrsQ+LFTGHVxVjcXPs17LhbZVGedAJv8XZ1tvj5FvSg=="
    },
    "node_modules/typescript": {
      "version": "5.3.3",
      "resolved": "https://registry.npmjs.org/typescript/-/typescript-5.3.3.tgz",
      "integrity": "sha512-pXWcraxM0uxAS+tN0AG/BF2TyqmHO014Z070UsJ+pFvYuRSq8KH8DmWpnbXe0pEPDHXZV3FcAbJkijJ5oNEnWw==",
      "bin": {
        "tsc": "bin/tsc",
        "tsserver": "bin/tsserver"
      },
      "engines": {
        "node": ">=14.17"
      }
    }
  }
}
